
Microsoft Visual Studio Solution File, Format Version 12.00
# Visual Studio 15
VisualStudioVersion = 15.0.28307.1082
MinimumVisualStudioVersion = 10.0.40219.1
Project("{FAE04EC0-301F-11D3-BF4B-00C04F79EFBC}") = "AppMarvelHeroes.Android", "AppMarvelHeroes\AppMarvelHeroes.Android\AppMarvelHeroes.Android.csproj", "{34FDE2CA-02F3-48C6-85B8-441EECA0B02C}"
EndProject
Project("{FAE04EC0-301F-11D3-BF4B-00C04F79EFBC}") = "AppMarvelHeroes.iOS", "AppMarvelHeroes\AppMarvelHeroes.iOS\AppMarvelHeroes.iOS.csproj", "{8448CF3B-7351-4168-A15B-8ECF1419A675}"
EndProject
Project("{FAE04EC0-301F-11D3-BF4B-00C04F79EFBC}") = "AppMarvelHeroes", "AppMarvelHeroes\AppMarvelHeroes\AppMarvelHeroes.csproj", "{3FED0752-A94B-4D6B-B4B4-359E7659EACF}"
EndProject
Global
	GlobalSection(SolutionConfigurationPlatforms) = preSolution
		Ad-Hoc|Any CPU = Ad-Hoc|Any CPU
		Ad-Hoc|iPhone = Ad-Hoc|iPhone
		Ad-Hoc|iPhoneSimulator = Ad-Hoc|iPhoneSimulator
		AppStore|Any CPU = AppStore|Any CPU
		AppStore|iPhone = AppStore|iPhone
		AppStore|iPhoneSimulator = AppStore|iPhoneSimulator
		Debug|Any CPU = Debug|Any CPU
		Debug|iPhone = Debug|iPhone
		Debug|iPhoneSimulator = Debug|iPhoneSimulator
		Release|Any CPU = Release|Any CPU
		Release|iPhone = Release|iPhone
		Release|iPhoneSimulator = Release|iPhoneSimulator
	EndGlobalSection
	GlobalSection(ProjectConfigurationPlatforms) = postSolution
		{34FDE2CA-02F3-48C6-85B8-441EECA0B02C}.Ad-Hoc|Any CPU.ActiveCfg = Release|Any CPU
		{34FDE2CA-02F3-48C6-85B8-441EECA0B02C}.Ad-Hoc|Any CPU.Build.0 = Release|Any CPU
		{34FDE2CA-02F3-48C6-85B8-441EECA0B02C}.Ad-Hoc|Any CPU.Deploy.0 = Release|Any CPU
		{34FDE2CA-02F3-48C6-85B8-441EECA0B02C}.Ad-Hoc|iPhone.ActiveCfg = Release|Any CPU
		{34FDE2CA-02F3-48C6-85B8-441EECA0B02C}.Ad-Hoc|iPhone.Build.0 = Release|Any CPU
		{34FDE2CA-02F3-48C6-85B8-441EECA0B02C}.Ad-Hoc|iPhone.Deploy.0 = Release|Any CPU
		{34FDE2CA-02F3-48C6-85B8-441EECA0B02C}.Ad-Hoc|iPhoneSimulator.ActiveCfg = Release|Any CPU
		{34FDE2CA-02F3-48C6-85B8-441EECA0B02C}.Ad-Hoc|iPhoneSimulator.Build.0 = Release|Any CPU
		{34FDE2CA-02F3-48C6-85B8-441EECA0B02C}.Ad-Hoc|iPhoneSimulator.Deploy.0 = Release|Any CPU
		{34FDE2CA-02F3-48C6-85B8-441EECA0B02C}.AppStore|Any CPU.ActiveCfg = Release|Any CPU
		{34FDE2CA-02F3-48C6-85B8-441EECA0B02C}.AppStore|Any CPU.Build.0 = Release|Any CPU
		{34FDE2CA-02F3-48C6-85B8-441EECA0B02C}.AppStore|Any CPU.Deploy.0 = Release|Any CPU
		{34FDE2CA-02F3-48C6-85B8-441EECA0B02C}.AppStore|iPhone.ActiveCfg = Release|Any CPU
		{34FDE2CA-02F3-48C6-85B8-441EECA0B02C}.AppStore|iPhone.Build.0 = Release|Any CPU
		{34FDE2CA-02F3-48C6-85B8-441EECA0B02C}.AppStore|iPhone.Deploy.0 = Release|Any CPU
		{34FDE2CA-02F3-48C6-85B8-441EECA0B02C}.AppStore|iPhoneSimulator.ActiveCfg = Release|Any CPU
		{34FDE2CA-02F3-48C6-85B8-441EECA0B02C}.AppStore|iPhoneSimulator.Build.0 = Release|Any CPU
		{34FDE2CA-02F3-48C6-85B8-441EECA0B02C}.AppStore|iPhoneSimulator.Deploy.0 = Release|Any CPU
		{34FDE2CA-02F3-48C6-85B8-441EECA0B02C}.Debug|Any CPU.ActiveCfg = Debug|Any CPU
		{34FDE2CA-02F3-48C6-85B8-441EECA0B02C}.Debug|Any CPU.Build.0 = Debug|Any CPU
		{34FDE2CA-02F3-48C6-85B8-441EECA0B02C}.Debug|Any CPU.Deploy.0 = Debug|Any CPU
		{34FDE2CA-02F3-48C6-85B8-441EECA0B02C}.Debug|iPhone.ActiveCfg = Debug|Any CPU
		{34FDE2CA-02F3-48C6-85B8-441EECA0B02C}.Debug|iPhone.Build.0 = Debug|Any CPU
		{34FDE2CA-02F3-48C6-85B8-441EECA0B02C}.Debug|iPhone.Deploy.0 = Debug|Any CPU
		{34FDE2CA-02F3-48C6-85B8-441EECA0B02C}.Debug|iPhoneSimulator.ActiveCfg = Debug|Any CPU
		{34FDE2CA-02F3-48C6-85B8-441EECA0B02C}.Debug|iPhoneSimulator.Build.0 = Debug|Any CPU
		{34FDE2CA-02F3-48C6-85B8-441EECA0B02C}.Debug|iPhoneSimulator.Deploy.0 = Debug|Any CPU
		{34FDE2CA-02F3-48C6-85B8-441EECA0B02C}.Release|Any CPU.ActiveCfg = Release|Any CPU
		{34FDE2CA-02F3-48C6-85B8-441EECA0B02C}.Release|Any CPU.Build.0 = Release|Any CPU
		{34FDE2CA-02F3-48C6-85B8-441EECA0B02C}.Release|Any CPU.Deploy.0 = Release|Any CPU
		{34FDE2CA-02F3-48C6-85B8-441EECA0B02C}.Release|iPhone.ActiveCfg = Release|Any CPU
		{34FDE2CA-02F3-48C6-85B8-441EECA0B02C}.Release|iPhone.Build.0 = Release|Any CPU
		{34FDE2CA-02F3-48C6-85B8-441EECA0B02C}.Release|iPhone.Deploy.0 = Release|Any CPU
		{34FDE2CA-02F3-48C6-85B8-441EECA0B02C}.Release|iPhoneSimulator.ActiveCfg = Release|Any CPU
		{34FDE2CA-02F3-48C6-85B8-441EECA0B02C}.Release|iPhoneSimulator.Build.0 = Release|Any CPU
		{34FDE2CA-02F3-48C6-85B8-441EECA0B02C}.Release|iPhoneSimulator.Deploy.0 = Release|Any CPU
		{8448CF3B-7351-4168-A15B-8ECF1419A675}.Ad-Hoc|Any CPU.ActiveCfg = Ad-Hoc|iPhone
		{8448CF3B-7351-4168-A15B-8ECF1419A675}.Ad-Hoc|Any CPU.Build.0 = Ad-Hoc|iPhone
		{8448CF3B-7351-4168-A15B-8ECF1419A675}.Ad-Hoc|Any CPU.Deploy.0 = Ad-Hoc|iPhone
		{8448CF3B-7351-4168-A15B-8ECF1419A675}.Ad-Hoc|iPhone.ActiveCfg = Ad-Hoc|iPhone
		{8448CF3B-7351-4168-A15B-8ECF1419A675}.Ad-Hoc|iPhone.Build.0 = Ad-Hoc|iPhone
		{8448CF3B-7351-4168-A15B-8ECF1419A675}.Ad-Hoc|iPhone.Deploy.0 = Ad-Hoc|iPhone
		{8448CF3B-7351-4168-A15B-8ECF1419A675}.Ad-Hoc|iPhoneSimulator.ActiveCfg = Ad-Hoc|iPhoneSimulator
		{8448CF3B-7351-4168-A15B-8ECF1419A675}.Ad-Hoc|iPhoneSimulator.Build.0 = Ad-Hoc|iPhoneSimulator
		{8448CF3B-7351-4168-A15B-8ECF1419A675}.Ad-Hoc|iPhoneSimulator.Deploy.0 = Ad-Hoc|iPhoneSimulator
		{8448CF3B-7351-4168-A15B-8ECF1419A675}.AppStore|Any CPU.ActiveCfg = AppStore|iPhone
		{8448CF3B-7351-4168-A15B-8ECF1419A675}.AppStore|Any CPU.Build.0 = AppStore|iPhone
		{8448CF3B-7351-4168-A15B-8ECF1419A675}.AppStore|Any CPU.Deploy.0 = AppStore|iPhone
		{8448CF3B-7351-4168-A15B-8ECF1419A675}.AppStore|iPhone.ActiveCfg = AppStore|iPhone
		{8448CF3B-7351-4168-A15B-8ECF1419A675}.AppStore|iPhone.Build.0 = AppStore|iPhone
		{8448CF3B-7351-4168-A15B-8ECF1419A675}.AppStore|iPhone.Deploy.0 = AppStore|iPhone
		{8448CF3B-7351-4168-A15B-8ECF1419A675}.AppStore|iPhoneSimulator.ActiveCfg = AppStore|iPhoneSimulator
		{8448CF3B-7351-4168-A15B-8ECF1419A675}.AppStore|iPhoneSimulator.Build.0 = AppStore|iPhoneSimulator
		{8448CF3B-7351-4168-A15B-8ECF1419A675}.AppStore|iPhoneSimulator.Deploy.0 = AppStore|iPhoneSimulator
		{8448CF3B-7351-4168-A15B-8ECF1419A675}.Debug|Any CPU.ActiveCfg = Debug|iPhoneSimulator
		{8448CF3B-7351-4168-A15B-8ECF1419A675}.Debug|Any CPU.Build.0 = Debug|iPhoneSimulator
		{8448CF3B-7351-4168-A15B-8ECF1419A675}.Debug|Any CPU.Deploy.0 = Debug|iPhoneSimulator
		{8448CF3B-7351-4168-A15B-8ECF1419A675}.Debug|iPhone.ActiveCfg = Debug|iPhone
		{8448CF3B-7351-4168-A15B-8ECF1419A675}.Debug|iPhone.Build.0 = Debug|iPhone
		{8448CF3B-7351-4168-A15B-8ECF1419A675}.Debug|iPhone.Deploy.0 = Debug|iPhone
		{8448CF3B-7351-4168-A15B-8ECF1419A675}.Debug|iPhoneSimulator.ActiveCfg = Debug|iPhoneSimulator
		{8448CF3B-7351-4168-A15B-8ECF1419A675}.Debug|iPhoneSimulator.Build.0 = Debug|iPhoneSimulator
		{8448CF3B-7351-4168-A15B-8ECF1419A675}.Debug|iPhoneSimulator.Deploy.0 = Debug|iPhoneSimulator
		{8448CF3B-7351-4168-A15B-8ECF1419A675}.Release|Any CPU.ActiveCfg = Release|iPhone
		{8448CF3B-7351-4168-A15B-8ECF1419A675}.Release|Any CPU.Build.0 = Release|iPhone
		{8448CF3B-7351-4168-A15B-8ECF1419A675}.Release|Any CPU.Deploy.0 = Release|iPhone
		{8448CF3B-7351-4168-A15B-8ECF1419A675}.Release|iPhone.ActiveCfg = Release|iPhone
		{8448CF3B-7351-4168-A15B-8ECF1419A675}.Release|iPhone.Build.0 = Release|iPhone
		{8448CF3B-7351-4168-A15B-8ECF1419A675}.Release|iPhone.Deploy.0 = Release|iPhone
		{8448CF3B-7351-4168-A15B-8ECF1419A675}.Release|iPhoneSimulator.ActiveCfg = Release|iPhoneSimulator
		{8448CF3B-7351-4168-A15B-8ECF1419A675}.Release|iPhoneSimulator.Build.0 = Release|iPhoneSimulator
		{8448CF3B-7351-4168-A15B-8ECF1419A675}.Release|iPhoneSimulator.Deploy.0 = Release|iPhoneSimulator
		{3FED0752-A94B-4D6B-B4B4-359E7659EACF}.Ad-Hoc|Any CPU.ActiveCfg = Debug|Any CPU
		{3FED0752-A94B-4D6B-B4B4-359E7659EACF}.Ad-Hoc|Any CPU.Build.0 = Debug|Any CPU
		{3FED0752-A94B-4D6B-B4B4-359E7659EACF}.Ad-Hoc|Any CPU.Deploy.0 = Debug|Any CPU
		{3FED0752-A94B-4D6B-B4B4-359E7659EACF}.Ad-Hoc|iPhone.ActiveCfg = Debug|Any CPU
		{3FED0752-A94B-4D6B-B4B4-359E7659EACF}.Ad-Hoc|iPhone.Build.0 = Debug|Any CPU
		{3FED0752-A94B-4D6B-B4B4-359E7659EACF}.Ad-Hoc|iPhone.Deploy.0 = Debug|Any CPU
		{3FED0752-A94B-4D6B-B4B4-359E7659EACF}.Ad-Hoc|iPhoneSimulator.ActiveCfg = Debug|Any CPU
		{3FED0752-A94B-4D6B-B4B4-359E7659EACF}.Ad-Hoc|iPhoneSimulator.Build.0 = Debug|Any CPU
		{3FED0752-A94B-4D6B-B4B4-359E7659EACF}.Ad-Hoc|iPhoneSimulator.Deploy.0 = Debug|Any CPU
		{3FED0752-A94B-4D6B-B4B4-359E7659EACF}.AppStore|Any CPU.ActiveCfg = Debug|Any CPU
		{3FED0752-A94B-4D6B-B4B4-359E7659EACF}.AppStore|Any CPU.Build.0 = Debug|Any CPU
		{3FED0752-A94B-4D6B-B4B4-359E7659EACF}.AppStore|Any CPU.Deploy.0 = Debug|Any CPU
		{3FED0752-A94B-4D6B-B4B4-359E7659EACF}.AppStore|iPhone.ActiveCfg = Debug|Any CPU
		{3FED0752-A94B-4D6B-B4B4-359E7659EACF}.AppStore|iPhone.Build.0 = Debug|Any CPU
		{3FED0752-A94B-4D6B-B4B4-359E7659EACF}.AppStore|iPhone.Deploy.0 = Debug|Any CPU
		{3FED0752-A94B-4D6B-B4B4-359E7659EACF}.AppStore|iPhoneSimulator.ActiveCfg = Debug|Any CPU
		{3FED0752-A94B-4D6B-B4B4-359E7659EACF}.AppStore|iPhoneSimulator.Build.0 = Debug|Any CPU
		{3FED0752-A94B-4D6B-B4B4-359E7659EACF}.AppStore|iPhoneSimulator.Deploy.0 = Debug|Any CPU
		{3FED0752-A94B-4D6B-B4B4-359E7659EACF}.Debug|Any CPU.ActiveCfg = Debug|Any CPU
		{3FED0752-A94B-4D6B-B4B4-359E7659EACF}.Debug|Any CPU.Build.0 = Debug|Any CPU
		{3FED0752-A94B-4D6B-B4B4-359E7659EACF}.Debug|Any CPU.Deploy.0 = Debug|Any CPU
		{3FED0752-A94B-4D6B-B4B4-359E7659EACF}.Debug|iPhone.ActiveCfg = Debug|Any CPU
		{3FED0752-A94B-4D6B-B4B4-359E7659EACF}.Debug|iPhone.Build.0 = Debug|Any CPU
		{3FED0752-A94B-4D6B-B4B4-359E7659EACF}.Debug|iPhone.Deploy.0 = Debug|Any CPU
		{3FED0752-A94B-4D6B-B4B4-359E7659EACF}.Debug|iPhoneSimulator.ActiveCfg = Debug|Any CPU
		{3FED0752-A94B-4D6B-B4B4-359E7659EACF}.Debug|iPhoneSimulator.Build.0 = Debug|Any CPU
		{3FED0752-A94B-4D6B-B4B4-359E7659EACF}.Debug|iPhoneSimulator.Deploy.0 = Debug|Any CPU
		{3FED0752-A94B-4D6B-B4B4-359E7659EACF}.Release|Any CPU.ActiveCfg = Release|Any CPU
		{3FED0752-A94B-4D6B-B4B4-359E7659EACF}.Release|Any CPU.Build.0 = Release|Any CPU
		{3FED0752-A94B-4D6B-B4B4-359E7659EACF}.Release|Any CPU.Deploy.0 = Release|Any CPU
		{3FED0752-A94B-4D6B-B4B4-359E7659EACF}.Release|iPhone.ActiveCfg = Release|Any CPU
		{3FED0752-A94B-4D6B-B4B4-359E7659EACF}.Release|iPhone.Build.0 = Release|Any CPU
		{3FED0752-A94B-4D6B-B4B4-359E7659EACF}.Release|iPhone.Deploy.0 = Release|Any CPU
		{3FED0752-A94B-4D6B-B4B4-359E7659EACF}.Release|iPhoneSimulator.ActiveCfg = Release|Any CPU
		{3FED0752-A94B-4D6B-B4B4-359E7659EACF}.Release|iPhoneSimulator.Build.0 = Release|Any CPU
		{3FED0752-A94B-4D6B-B4B4-359E7659EACF}.Release|iPhoneSimulator.Deploy.0 = Release|Any CPU
	EndGlobalSection
	GlobalSection(SolutionProperties) = preSolution
		HideSolutionNode = FALSE
	EndGlobalSection
	GlobalSection(ExtensibilityGlobals) = postSolution
		SolutionGuid = {F6B72E22-4352-4DF4-A5AC-128FD65731B7}
	EndGlobalSection
EndGlobal
